
Microsoft Visual Studio Solution File, Format Version 12.00
# Visual Studio 15
VisualStudioVersion = 15.0.26124.0
MinimumVisualStudioVersion = 15.0.26124.0
Project("{2150E333-8FDC-42A3-9474-1A3956D46DE8}") = "src", "src", "{6760459C-A574-4C1A-B82F-C7F2D30E6128}"
EndProject
Project("{FAE04EC0-301F-11D3-BF4B-00C04F79EFBC}") = "SimpleAPI", "src\SimpleAPI\SimpleAPI.csproj", "{1FF21327-578C-401E-94BD-D5BF3CF717B6}"
EndProject
Project("{2150E333-8FDC-42A3-9474-1A3956D46DE8}") = "test", "test", "{18FC145E-180A-434F-A180-B92F0DB949E8}"
EndProject
Project("{FAE04EC0-301F-11D3-BF4B-00C04F79EFBC}") = "SimpleAPI.Tests", "test\SimpleAPI.Tests\SimpleAPI.Tests.csproj", "{3A4571A5-D949-459E-B975-949CAE17EEE1}"
EndProject
Global
	GlobalSection(SolutionConfigurationPlatforms) = preSolution
		Debug|Any CPU = Debug|Any CPU
		Debug|x64 = Debug|x64
		Debug|x86 = Debug|x86
		Release|Any CPU = Release|Any CPU
		Release|x64 = Release|x64
		Release|x86 = Release|x86
	EndGlobalSection
	GlobalSection(SolutionProperties) = preSolution
		HideSolutionNode = FALSE
	EndGlobalSection
	GlobalSection(ProjectConfigurationPlatforms) = postSolution
		{1FF21327-578C-401E-94BD-D5BF3CF717B6}.Debug|Any CPU.ActiveCfg = Debug|Any CPU
		{1FF21327-578C-401E-94BD-D5BF3CF717B6}.Debug|Any CPU.Build.0 = Debug|Any CPU
		{1FF21327-578C-401E-94BD-D5BF3CF717B6}.Debug|x64.ActiveCfg = Debug|x64
		{1FF21327-578C-401E-94BD-D5BF3CF717B6}.Debug|x64.Build.0 = Debug|x64
		{1FF21327-578C-401E-94BD-D5BF3CF717B6}.Debug|x86.ActiveCfg = Debug|x86
		{1FF21327-578C-401E-94BD-D5BF3CF717B6}.Debug|x86.Build.0 = Debug|x86
		{1FF21327-578C-401E-94BD-D5BF3CF717B6}.Release|Any CPU.ActiveCfg = Release|Any CPU
		{1FF21327-578C-401E-94BD-D5BF3CF717B6}.Release|Any CPU.Build.0 = Release|Any CPU
		{1FF21327-578C-401E-94BD-D5BF3CF717B6}.Release|x64.ActiveCfg = Release|x64
		{1FF21327-578C-401E-94BD-D5BF3CF717B6}.Release|x64.Build.0 = Release|x64
		{1FF21327-578C-401E-94BD-D5BF3CF717B6}.Release|x86.ActiveCfg = Release|x86
		{1FF21327-578C-401E-94BD-D5BF3CF717B6}.Release|x86.Build.0 = Release|x86
		{3A4571A5-D949-459E-B975-949CAE17EEE1}.Debug|Any CPU.ActiveCfg = Debug|Any CPU
		{3A4571A5-D949-459E-B975-949CAE17EEE1}.Debug|Any CPU.Build.0 = Debug|Any CPU
		{3A4571A5-D949-459E-B975-949CAE17EEE1}.Debug|x64.ActiveCfg = Debug|x64
		{3A4571A5-D949-459E-B975-949CAE17EEE1}.Debug|x64.Build.0 = Debug|x64
		{3A4571A5-D949-459E-B975-949CAE17EEE1}.Debug|x86.ActiveCfg = Debug|x86
		{3A4571A5-D949-459E-B975-949CAE17EEE1}.Debug|x86.Build.0 = Debug|x86
		{3A4571A5-D949-459E-B975-949CAE17EEE1}.Release|Any CPU.ActiveCfg = Release|Any CPU
		{3A4571A5-D949-459E-B975-949CAE17EEE1}.Release|Any CPU.Build.0 = Release|Any CPU
		{3A4571A5-D949-459E-B975-949CAE17EEE1}.Release|x64.ActiveCfg = Release|x64
		{3A4571A5-D949-459E-B975-949CAE17EEE1}.Release|x64.Build.0 = Release|x64
		{3A4571A5-D949-459E-B975-949CAE17EEE1}.Release|x86.ActiveCfg = Release|x86
		{3A4571A5-D949-459E-B975-949CAE17EEE1}.Release|x86.Build.0 = Release|x86
	EndGlobalSection
	GlobalSection(NestedProjects) = preSolution
		{1FF21327-578C-401E-94BD-D5BF3CF717B6} = {6760459C-A574-4C1A-B82F-C7F2D30E6128}
		{3A4571A5-D949-459E-B975-949CAE17EEE1} = {18FC145E-180A-434F-A180-B92F0DB949E8}
	EndGlobalSection
EndGlobal
